{
  "nodes": {
    "devdrop": {
      "flake": false,
      "locked": {
        "lastModified": 1710538296,
        "narHash": "sha256-hhdvL83h4FjRnQG8EU+aXkwlpnO1ABwuUvtS4ico+zY=",
        "type": "tarball",
        "url": "https://github.com/oscilococcinum/openhantek6022-nix/releases/download/devdrop/openhantek_devdrop_x86_64.tar.gz"
      },
      "original": {
        "type": "tarball",
        "url": "https://github.com/oscilococcinum/openhantek6022-nix/releases/download/devdrop/openhantek_devdrop_x86_64.tar.gz"
      }
    },
    "nixpkgs": {
      "locked": {
        "lastModified": 1739923778,
        "narHash": "sha256-BqUY8tz0AQ4to2Z4+uaKczh81zsGZSYxjgvtw+fvIfM=",
        "owner": "NixOS",
        "repo": "nixpkgs",
        "rev": "36864ed72f234b9540da4cf7a0c49e351d30d3f1",
        "type": "github"
      },
      "original": {
        "owner": "NixOS",
        "ref": "nixos-24.11",
        "repo": "nixpkgs",
        "type": "github"
      }
    },
    "root": {
      "inputs": {
        "devdrop": "devdrop",
        "nixpkgs": "nixpkgs"
      }
    }
  },
  "root": "root",
  "version": 7
}
