{
  "nodes": {
    "devdrop": {
      "flake": false,
      "locked": {
        "lastModified": 1741102621,
        "narHash": "sha256-EqEovyHpLZCy+FYLlJSn2ujaLnKqCP2PTn7+Dcam8pw=",
        "type": "tarball",
        "url": "https://github.com/oscilococcinum/openhantek6022-nix/releases/download/devdrop-3.4-rc4-1/openhantek_devdrop_x86_64.tar.gz"
      },
      "original": {
        "type": "tarball",
        "url": "https://github.com/oscilococcinum/openhantek6022-nix/releases/download/devdrop-3.4-rc4-1/openhantek_devdrop_x86_64.tar.gz"
      }
    },
    "nixpkgs": {
      "locked": {
        "lastModified": 1740932899,
        "narHash": "sha256-F0qDu2egq18M3edJwEOAE+D+VQ+yESK6YWPRQBfOqq8=",
        "owner": "NixOS",
        "repo": "nixpkgs",
        "rev": "1546c45c538633ae40b93e2d14e0bb6fd8f13347",
        "type": "github"
      },
      "original": {
        "owner": "NixOS",
        "ref": "nixos-24.11",
        "repo": "nixpkgs",
        "type": "github"
      }
    },
    "root": {
      "inputs": {
        "devdrop": "devdrop",
        "nixpkgs": "nixpkgs"
      }
    }
  },
  "root": "root",
  "version": 7
}
